
Microsoft Visual Studio Solution File, Format Version 12.00
# Visual Studio 14
VisualStudioVersion = 14.0.25420.1
MinimumVisualStudioVersion = 10.0.40219.1
Project("{F14B399A-7131-4C87-9E4B-1186C45EF12D}") = "Angeion", "Angeion\Angeion.rptproj", "{8D44D56B-F04A-4295-91D0-82AEFC857DA7}"
EndProject
Global
	GlobalSection(SolutionConfigurationPlatforms) = preSolution
		Debug|Default = Debug|Default
		DebugLocal|Default = DebugLocal|Default
		Release|Default = Release|Default
	EndGlobalSection
	GlobalSection(ProjectConfigurationPlatforms) = postSolution
		{8D44D56B-F04A-4295-91D0-82AEFC857DA7}.Debug|Default.ActiveCfg = Debug
		{8D44D56B-F04A-4295-91D0-82AEFC857DA7}.Debug|Default.Build.0 = Debug
		{8D44D56B-F04A-4295-91D0-82AEFC857DA7}.Debug|Default.Deploy.0 = Debug
		{8D44D56B-F04A-4295-91D0-82AEFC857DA7}.DebugLocal|Default.ActiveCfg = DebugLocal
		{8D44D56B-F04A-4295-91D0-82AEFC857DA7}.DebugLocal|Default.Build.0 = DebugLocal
		{8D44D56B-F04A-4295-91D0-82AEFC857DA7}.Release|Default.ActiveCfg = Release
		{8D44D56B-F04A-4295-91D0-82AEFC857DA7}.Release|Default.Build.0 = Release
		{8D44D56B-F04A-4295-91D0-82AEFC857DA7}.Release|Default.Deploy.0 = Release
	EndGlobalSection
	GlobalSection(SolutionProperties) = preSolution
		HideSolutionNode = FALSE
	EndGlobalSection
EndGlobal
